// !$*UTF8*$!
{
	archiveVersion = 1;
	classes = {
	};
	objectVersion = 46;
	objects = {

/* Begin PBXBuildFile section */
		9A3836BA1EAE52E10064FC10 /* main.m in Sources */ = {isa = PBXBuildFile; fileRef = 9A3836B91EAE52E10064FC10 /* main.m */; };
		9A3836BD1EAE52E10064FC10 /* AppDelegate.m in Sources */ = {isa = PBXBuildFile; fileRef = 9A3836BC1EAE52E10064FC10 /* AppDelegate.m */; };
		9A3836C31EAE52E10064FC10 /* Main.storyboard in Resources */ = {isa = PBXBuildFile; fileRef = 9A3836C11EAE52E10064FC10 /* Main.storyboard */; };
		9A3836C51EAE52E10064FC10 /* Assets.xcassets in Resources */ = {isa = PBXBuildFile; fileRef = 9A3836C41EAE52E10064FC10 /* Assets.xcassets */; };
		9A3836C81EAE52E10064FC10 /* LaunchScreen.storyboard in Resources */ = {isa = PBXBuildFile; fileRef = 9A3836C61EAE52E10064FC10 /* LaunchScreen.storyboard */; };
		9A3836D31EAE52E10064FC10 /* SalidoCodeTestTests.m in Sources */ = {isa = PBXBuildFile; fileRef = 9A3836D21EAE52E10064FC10 /* SalidoCodeTestTests.m */; };
		9A3836DE1EAE52E10064FC10 /* SalidoCodeTestUITests.m in Sources */ = {isa = PBXBuildFile; fileRef = 9A3836DD1EAE52E10064FC10 /* SalidoCodeTestUITests.m */; };
		9A3836F01EAE53970064FC10 /* User.m in Sources */ = {isa = PBXBuildFile; fileRef = 9A3836EF1EAE53970064FC10 /* User.m */; };
		9A3836F31EAE53AD0064FC10 /* Wine.m in Sources */ = {isa = PBXBuildFile; fileRef = 9A3836F21EAE53AD0064FC10 /* Wine.m */; };
		9A3836F61EAE53BA0064FC10 /* ShoppingCart.m in Sources */ = {isa = PBXBuildFile; fileRef = 9A3836F51EAE53BA0064FC10 /* ShoppingCart.m */; };
		9AE65F8A1EAE5BF1006933A4 /* LoginViewController.m in Sources */ = {isa = PBXBuildFile; fileRef = 9AE65F891EAE5BF1006933A4 /* LoginViewController.m */; };
		9AE65F911EAE6158006933A4 /* PopUpViewController.m in Sources */ = {isa = PBXBuildFile; fileRef = 9AE65F8F1EAE6158006933A4 /* PopUpViewController.m */; };
		9AE65F921EAE6158006933A4 /* PopUpViewController.xib in Resources */ = {isa = PBXBuildFile; fileRef = 9AE65F901EAE6158006933A4 /* PopUpViewController.xib */; };
/* End PBXBuildFile section */

/* Begin PBXContainerItemProxy section */
		9A3836CF1EAE52E10064FC10 /* PBXContainerItemProxy */ = {
			isa = PBXContainerItemProxy;
			containerPortal = 9A3836AD1EAE52E10064FC10 /* Project object */;
			proxyType = 1;
			remoteGlobalIDString = 9A3836B41EAE52E10064FC10;
			remoteInfo = SalidoCodeTest;
		};
		9A3836DA1EAE52E10064FC10 /* PBXContainerItemProxy */ = {
			isa = PBXContainerItemProxy;
			containerPortal = 9A3836AD1EAE52E10064FC10 /* Project object */;
			proxyType = 1;
			remoteGlobalIDString = 9A3836B41EAE52E10064FC10;
			remoteInfo = SalidoCodeTest;
		};
/* End PBXContainerItemProxy section */

/* Begin PBXFileReference section */
		9A3836B51EAE52E10064FC10 /* SalidoCodeTest.app */ = {isa = PBXFileReference; explicitFileType = wrapper.application; includeInIndex = 0; path = SalidoCodeTest.app; sourceTree = BUILT_PRODUCTS_DIR; };
		9A3836B91EAE52E10064FC10 /* main.m */ = {isa = PBXFileReference; lastKnownFileType = sourcecode.c.objc; path = main.m; sourceTree = "<group>"; };
		9A3836BB1EAE52E10064FC10 /* AppDelegate.h */ = {isa = PBXFileReference; lastKnownFileType = sourcecode.c.h; path = AppDelegate.h; sourceTree = "<group>"; };
		9A3836BC1EAE52E10064FC10 /* AppDelegate.m */ = {isa = PBXFileReference; lastKnownFileType = sourcecode.c.objc; path = AppDelegate.m; sourceTree = "<group>"; };
		9A3836C21EAE52E10064FC10 /* Base */ = {isa = PBXFileReference; lastKnownFileType = file.storyboard; name = Base; path = Base.lproj/Main.storyboard; sourceTree = "<group>"; };
		9A3836C41EAE52E10064FC10 /* Assets.xcassets */ = {isa = PBXFileReference; lastKnownFileType = folder.assetcatalog; path = Assets.xcassets; sourceTree = "<group>"; };
		9A3836C71EAE52E10064FC10 /* Base */ = {isa = PBXFileReference; lastKnownFileType = file.storyboard; name = Base; path = Base.lproj/LaunchScreen.storyboard; sourceTree = "<group>"; };
		9A3836C91EAE52E10064FC10 /* Info.plist */ = {isa = PBXFileReference; lastKnownFileType = text.plist.xml; path = Info.plist; sourceTree = "<group>"; };
		9A3836CE1EAE52E10064FC10 /* SalidoCodeTestTests.xctest */ = {isa = PBXFileReference; explicitFileType = wrapper.cfbundle; includeInIndex = 0; path = SalidoCodeTestTests.xctest; sourceTree = BUILT_PRODUCTS_DIR; };
		9A3836D21EAE52E10064FC10 /* SalidoCodeTestTests.m */ = {isa = PBXFileReference; lastKnownFileType = sourcecode.c.objc; path = SalidoCodeTestTests.m; sourceTree = "<group>"; };
		9A3836D41EAE52E10064FC10 /* Info.plist */ = {isa = PBXFileReference; lastKnownFileType = text.plist.xml; path = Info.plist; sourceTree = "<group>"; };
		9A3836D91EAE52E10064FC10 /* SalidoCodeTestUITests.xctest */ = {isa = PBXFileReference; explicitFileType = wrapper.cfbundle; includeInIndex = 0; path = SalidoCodeTestUITests.xctest; sourceTree = BUILT_PRODUCTS_DIR; };
		9A3836DD1EAE52E10064FC10 /* SalidoCodeTestUITests.m */ = {isa = PBXFileReference; lastKnownFileType = sourcecode.c.objc; path = SalidoCodeTestUITests.m; sourceTree = "<group>"; };
		9A3836DF1EAE52E10064FC10 /* Info.plist */ = {isa = PBXFileReference; lastKnownFileType = text.plist.xml; path = Info.plist; sourceTree = "<group>"; };
		9A3836EE1EAE53970064FC10 /* User.h */ = {isa = PBXFileReference; fileEncoding = 4; lastKnownFileType = sourcecode.c.h; name = User.h; path = ../User.h; sourceTree = "<group>"; };
		9A3836EF1EAE53970064FC10 /* User.m */ = {isa = PBXFileReference; fileEncoding = 4; lastKnownFileType = sourcecode.c.objc; name = User.m; path = ../User.m; sourceTree = "<group>"; };
		9A3836F11EAE53AC0064FC10 /* Wine.h */ = {isa = PBXFileReference; fileEncoding = 4; lastKnownFileType = sourcecode.c.h; name = Wine.h; path = ../Wine.h; sourceTree = "<group>"; };
		9A3836F21EAE53AD0064FC10 /* Wine.m */ = {isa = PBXFileReference; fileEncoding = 4; lastKnownFileType = sourcecode.c.objc; name = Wine.m; path = ../Wine.m; sourceTree = "<group>"; };
		9A3836F41EAE53BA0064FC10 /* ShoppingCart.h */ = {isa = PBXFileReference; fileEncoding = 4; lastKnownFileType = sourcecode.c.h; name = ShoppingCart.h; path = ../ShoppingCart.h; sourceTree = "<group>"; };
		9A3836F51EAE53BA0064FC10 /* ShoppingCart.m */ = {isa = PBXFileReference; fileEncoding = 4; lastKnownFileType = sourcecode.c.objc; name = ShoppingCart.m; path = ../ShoppingCart.m; sourceTree = "<group>"; };
		9AE65F881EAE5BF1006933A4 /* LoginViewController.h */ = {isa = PBXFileReference; fileEncoding = 4; lastKnownFileType = sourcecode.c.h; name = LoginViewController.h; path = ../LoginViewController.h; sourceTree = "<group>"; };
		9AE65F891EAE5BF1006933A4 /* LoginViewController.m */ = {isa = PBXFileReference; fileEncoding = 4; lastKnownFileType = sourcecode.c.objc; name = LoginViewController.m; path = ../LoginViewController.m; sourceTree = "<group>"; };
		9AE65F8E1EAE6158006933A4 /* PopUpViewController.h */ = {isa = PBXFileReference; fileEncoding = 4; lastKnownFileType = sourcecode.c.h; path = PopUpViewController.h; sourceTree = "<group>"; };
		9AE65F8F1EAE6158006933A4 /* PopUpViewController.m */ = {isa = PBXFileReference; fileEncoding = 4; lastKnownFileType = sourcecode.c.objc; path = PopUpViewController.m; sourceTree = "<group>"; };
		9AE65F901EAE6158006933A4 /* PopUpViewController.xib */ = {isa = PBXFileReference; fileEncoding = 4; lastKnownFileType = file.xib; path = PopUpViewController.xib; sourceTree = "<group>"; };
/* End PBXFileReference section */

/* Begin PBXFrameworksBuildPhase section */
		9A3836B21EAE52E10064FC10 /* Frameworks */ = {
			isa = PBXFrameworksBuildPhase;
			buildActionMask = 2147483647;
			files = (
			);
			runOnlyForDeploymentPostprocessing = 0;
		};
		9A3836CB1EAE52E10064FC10 /* Frameworks */ = {
			isa = PBXFrameworksBuildPhase;
			buildActionMask = 2147483647;
			files = (
			);
			runOnlyForDeploymentPostprocessing = 0;
		};
		9A3836D61EAE52E10064FC10 /* Frameworks */ = {
			isa = PBXFrameworksBuildPhase;
			buildActionMask = 2147483647;
			files = (
			);
			runOnlyForDeploymentPostprocessing = 0;
		};
/* End PBXFrameworksBuildPhase section */

/* Begin PBXGroup section */
		9A3836AC1EAE52E10064FC10 = {
			isa = PBXGroup;
			children = (
				9A3836B71EAE52E10064FC10 /* SalidoCodeTest */,
				9A3836D11EAE52E10064FC10 /* SalidoCodeTestTests */,
				9A3836DC1EAE52E10064FC10 /* SalidoCodeTestUITests */,
				9A3836B61EAE52E10064FC10 /* Products */,
			);
			sourceTree = "<group>";
		};
		9A3836B61EAE52E10064FC10 /* Products */ = {
			isa = PBXGroup;
			children = (
				9A3836B51EAE52E10064FC10 /* SalidoCodeTest.app */,
				9A3836CE1EAE52E10064FC10 /* SalidoCodeTestTests.xctest */,
				9A3836D91EAE52E10064FC10 /* SalidoCodeTestUITests.xctest */,
			);
			name = Products;
			sourceTree = "<group>";
		};
		9A3836B71EAE52E10064FC10 /* SalidoCodeTest */ = {
			isa = PBXGroup;
			children = (
				9A3836BB1EAE52E10064FC10 /* AppDelegate.h */,
				9A3836BC1EAE52E10064FC10 /* AppDelegate.m */,
				9AE65F8D1EAE6125006933A4 /* Views */,
				9AE65F8C1EAE6118006933A4 /* Controllers */,
				9AE65F8B1EAE6104006933A4 /* Model */,
				9A3836C11EAE52E10064FC10 /* Main.storyboard */,
				9A3836C41EAE52E10064FC10 /* Assets.xcassets */,
				9A3836C61EAE52E10064FC10 /* LaunchScreen.storyboard */,
				9A3836C91EAE52E10064FC10 /* Info.plist */,
				9A3836B81EAE52E10064FC10 /* Supporting Files */,
			);
			path = SalidoCodeTest;
			sourceTree = "<group>";
		};
		9A3836B81EAE52E10064FC10 /* Supporting Files */ = {
			isa = PBXGroup;
			children = (
				9A3836B91EAE52E10064FC10 /* main.m */,
			);
			name = "Supporting Files";
			sourceTree = "<group>";
		};
		9A3836D11EAE52E10064FC10 /* SalidoCodeTestTests */ = {
			isa = PBXGroup;
			children = (
				9A3836D21EAE52E10064FC10 /* SalidoCodeTestTests.m */,
				9A3836D41EAE52E10064FC10 /* Info.plist */,
			);
			path = SalidoCodeTestTests;
			sourceTree = "<group>";
		};
		9A3836DC1EAE52E10064FC10 /* SalidoCodeTestUITests */ = {
			isa = PBXGroup;
			children = (
				9A3836DD1EAE52E10064FC10 /* SalidoCodeTestUITests.m */,
				9A3836DF1EAE52E10064FC10 /* Info.plist */,
			);
			path = SalidoCodeTestUITests;
			sourceTree = "<group>";
		};
		9AE65F8B1EAE6104006933A4 /* Model */ = {
			isa = PBXGroup;
			children = (
				9A3836EE1EAE53970064FC10 /* User.h */,
				9A3836EF1EAE53970064FC10 /* User.m */,
				9A3836F11EAE53AC0064FC10 /* Wine.h */,
				9A3836F21EAE53AD0064FC10 /* Wine.m */,
				9A3836F41EAE53BA0064FC10 /* ShoppingCart.h */,
				9A3836F51EAE53BA0064FC10 /* ShoppingCart.m */,
			);
			name = Model;
			sourceTree = "<group>";
		};
		9AE65F8C1EAE6118006933A4 /* Controllers */ = {
			isa = PBXGroup;
			children = (
				9AE65F881EAE5BF1006933A4 /* LoginViewController.h */,
				9AE65F891EAE5BF1006933A4 /* LoginViewController.m */,
			);
			name = Controllers;
			sourceTree = "<group>";
		};
		9AE65F8D1EAE6125006933A4 /* Views */ = {
			isa = PBXGroup;
			children = (
				9AE65F8E1EAE6158006933A4 /* PopUpViewController.h */,
				9AE65F8F1EAE6158006933A4 /* PopUpViewController.m */,
				9AE65F901EAE6158006933A4 /* PopUpViewController.xib */,
			);
			name = Views;
			sourceTree = "<group>";
		};
/* End PBXGroup section */

/* Begin PBXNativeTarget section */
		9A3836B41EAE52E10064FC10 /* SalidoCodeTest */ = {
			isa = PBXNativeTarget;
			buildConfigurationList = 9A3836E21EAE52E10064FC10 /* Build configuration list for PBXNativeTarget "SalidoCodeTest" */;
			buildPhases = (
				9A3836B11EAE52E10064FC10 /* Sources */,
				9A3836B21EAE52E10064FC10 /* Frameworks */,
				9A3836B31EAE52E10064FC10 /* Resources */,
			);
			buildRules = (
			);
			dependencies = (
			);
			name = SalidoCodeTest;
			productName = SalidoCodeTest;
			productReference = 9A3836B51EAE52E10064FC10 /* SalidoCodeTest.app */;
			productType = "com.apple.product-type.application";
		};
		9A3836CD1EAE52E10064FC10 /* SalidoCodeTestTests */ = {
			isa = PBXNativeTarget;
			buildConfigurationList = 9A3836E51EAE52E10064FC10 /* Build configuration list for PBXNativeTarget "SalidoCodeTestTests" */;
			buildPhases = (
				9A3836CA1EAE52E10064FC10 /* Sources */,
				9A3836CB1EAE52E10064FC10 /* Frameworks */,
				9A3836CC1EAE52E10064FC10 /* Resources */,
			);
			buildRules = (
			);
			dependencies = (
				9A3836D01EAE52E10064FC10 /* PBXTargetDependency */,
			);
			name = SalidoCodeTestTests;
			productName = SalidoCodeTestTests;
			productReference = 9A3836CE1EAE52E10064FC10 /* SalidoCodeTestTests.xctest */;
			productType = "com.apple.product-type.bundle.unit-test";
		};
		9A3836D81EAE52E10064FC10 /* SalidoCodeTestUITests */ = {
			isa = PBXNativeTarget;
			buildConfigurationList = 9A3836E81EAE52E10064FC10 /* Build configuration list for PBXNativeTarget "SalidoCodeTestUITests" */;
			buildPhases = (
				9A3836D51EAE52E10064FC10 /* Sources */,
				9A3836D61EAE52E10064FC10 /* Frameworks */,
				9A3836D71EAE52E10064FC10 /* Resources */,
			);
			buildRules = (
			);
			dependencies = (
				9A3836DB1EAE52E10064FC10 /* PBXTargetDependency */,
			);
			name = SalidoCodeTestUITests;
			productName = SalidoCodeTestUITests;
			productReference = 9A3836D91EAE52E10064FC10 /* SalidoCodeTestUITests.xctest */;
			productType = "com.apple.product-type.bundle.ui-testing";
		};
/* End PBXNativeTarget section */

/* Begin PBXProject section */
		9A3836AD1EAE52E10064FC10 /* Project object */ = {
			isa = PBXProject;
			attributes = {
				LastUpgradeCheck = 0830;
				ORGANIZATIONNAME = "Julien Bankier";
				TargetAttributes = {
					9A3836B41EAE52E10064FC10 = {
						CreatedOnToolsVersion = 8.3;
						ProvisioningStyle = Automatic;
					};
					9A3836CD1EAE52E10064FC10 = {
						CreatedOnToolsVersion = 8.3;
						ProvisioningStyle = Automatic;
						TestTargetID = 9A3836B41EAE52E10064FC10;
					};
					9A3836D81EAE52E10064FC10 = {
						CreatedOnToolsVersion = 8.3;
						ProvisioningStyle = Automatic;
						TestTargetID = 9A3836B41EAE52E10064FC10;
					};
				};
			};
			buildConfigurationList = 9A3836B01EAE52E10064FC10 /* Build configuration list for PBXProject "SalidoCodeTest" */;
			compatibilityVersion = "Xcode 3.2";
			developmentRegion = English;
			hasScannedForEncodings = 0;
			knownRegions = (
				en,
				Base,
			);
			mainGroup = 9A3836AC1EAE52E10064FC10;
			productRefGroup = 9A3836B61EAE52E10064FC10 /* Products */;
			projectDirPath = "";
			projectRoot = "";
			targets = (
				9A3836B41EAE52E10064FC10 /* SalidoCodeTest */,
				9A3836CD1EAE52E10064FC10 /* SalidoCodeTestTests */,
				9A3836D81EAE52E10064FC10 /* SalidoCodeTestUITests */,
			);
		};
/* End PBXProject section */

/* Begin PBXResourcesBuildPhase section */
		9A3836B31EAE52E10064FC10 /* Resources */ = {
			isa = PBXResourcesBuildPhase;
			buildActionMask = 2147483647;
			files = (
				9A3836C81EAE52E10064FC10 /* LaunchScreen.storyboard in Resources */,
				9A3836C51EAE52E10064FC10 /* Assets.xcassets in Resources */,
				9A3836C31EAE52E10064FC10 /* Main.storyboard in Resources */,
				9AE65F921EAE6158006933A4 /* PopUpViewController.xib in Resources */,
			);
			runOnlyForDeploymentPostprocessing = 0;
		};
		9A3836CC1EAE52E10064FC10 /* Resources */ = {
			isa = PBXResourcesBuildPhase;
			buildActionMask = 2147483647;
			files = (
			);
			runOnlyForDeploymentPostprocessing = 0;
		};
		9A3836D71EAE52E10064FC10 /* Resources */ = {
			isa = PBXResourcesBuildPhase;
			buildActionMask = 2147483647;
			files = (
			);
			runOnlyForDeploymentPostprocessing = 0;
		};
/* End PBXResourcesBuildPhase section */

/* Begin PBXSourcesBuildPhase section */
		9A3836B11EAE52E10064FC10 /* Sources */ = {
			isa = PBXSourcesBuildPhase;
			buildActionMask = 2147483647;
			files = (
				9A3836F31EAE53AD0064FC10 /* Wine.m in Sources */,
				9A3836F01EAE53970064FC10 /* User.m in Sources */,
				9AE65F8A1EAE5BF1006933A4 /* LoginViewController.m in Sources */,
				9AE65F911EAE6158006933A4 /* PopUpViewController.m in Sources */,
				9A3836BD1EAE52E10064FC10 /* AppDelegate.m in Sources */,
				9A3836BA1EAE52E10064FC10 /* main.m in Sources */,
				9A3836F61EAE53BA0064FC10 /* ShoppingCart.m in Sources */,
			);
			runOnlyForDeploymentPostprocessing = 0;
		};
		9A3836CA1EAE52E10064FC10 /* Sources */ = {
			isa = PBXSourcesBuildPhase;
			buildActionMask = 2147483647;
			files = (
				9A3836D31EAE52E10064FC10 /* SalidoCodeTestTests.m in Sources */,
			);
			runOnlyForDeploymentPostprocessing = 0;
		};
		9A3836D51EAE52E10064FC10 /* Sources */ = {
			isa = PBXSourcesBuildPhase;
			buildActionMask = 2147483647;
			files = (
				9A3836DE1EAE52E10064FC10 /* SalidoCodeTestUITests.m in Sources */,
			);
			runOnlyForDeploymentPostprocessing = 0;
		};
/* End PBXSourcesBuildPhase section */

/* Begin PBXTargetDependency section */
		9A3836D01EAE52E10064FC10 /* PBXTargetDependency */ = {
			isa = PBXTargetDependency;
			target = 9A3836B41EAE52E10064FC10 /* SalidoCodeTest */;
			targetProxy = 9A3836CF1EAE52E10064FC10 /* PBXContainerItemProxy */;
		};
		9A3836DB1EAE52E10064FC10 /* PBXTargetDependency */ = {
			isa = PBXTargetDependency;
			target = 9A3836B41EAE52E10064FC10 /* SalidoCodeTest */;
			targetProxy = 9A3836DA1EAE52E10064FC10 /* PBXContainerItemProxy */;
		};
/* End PBXTargetDependency section */

/* Begin PBXVariantGroup section */
		9A3836C11EAE52E10064FC10 /* Main.storyboard */ = {
			isa = PBXVariantGroup;
			children = (
				9A3836C21EAE52E10064FC10 /* Base */,
			);
			name = Main.storyboard;
			sourceTree = "<group>";
		};
		9A3836C61EAE52E10064FC10 /* LaunchScreen.storyboard */ = {
			isa = PBXVariantGroup;
			children = (
				9A3836C71EAE52E10064FC10 /* Base */,
			);
			name = LaunchScreen.storyboard;
			sourceTree = "<group>";
		};
/* End PBXVariantGroup section */

/* Begin XCBuildConfiguration section */
		9A3836E01EAE52E10064FC10 /* Debug */ = {
			isa = XCBuildConfiguration;
			buildSettings = {
				ALWAYS_SEARCH_USER_PATHS = NO;
				CLANG_ANALYZER_NONNULL = YES;
				CLANG_ANALYZER_NUMBER_OBJECT_CONVERSION = YES_AGGRESSIVE;
				CLANG_CXX_LANGUAGE_STANDARD = "gnu++0x";
				CLANG_CXX_LIBRARY = "libc++";
				CLANG_ENABLE_MODULES = YES;
				CLANG_ENABLE_OBJC_ARC = YES;
				CLANG_WARN_BOOL_CONVERSION = YES;
				CLANG_WARN_CONSTANT_CONVERSION = YES;
				CLANG_WARN_DIRECT_OBJC_ISA_USAGE = YES_ERROR;
				CLANG_WARN_DOCUMENTATION_COMMENTS = YES;
				CLANG_WARN_EMPTY_BODY = YES;
				CLANG_WARN_ENUM_CONVERSION = YES;
				CLANG_WARN_INFINITE_RECURSION = YES;
				CLANG_WARN_INT_CONVERSION = YES;
				CLANG_WARN_OBJC_ROOT_CLASS = YES_ERROR;
				CLANG_WARN_SUSPICIOUS_MOVE = YES;
				CLANG_WARN_UNREACHABLE_CODE = YES;
				CLANG_WARN__DUPLICATE_METHOD_MATCH = YES;
				"CODE_SIGN_IDENTITY[sdk=iphoneos*]" = "iPhone Developer";
				COPY_PHASE_STRIP = NO;
				DEBUG_INFORMATION_FORMAT = dwarf;
				ENABLE_STRICT_OBJC_MSGSEND = YES;
				ENABLE_TESTABILITY = YES;
				GCC_C_LANGUAGE_STANDARD = gnu99;
				GCC_DYNAMIC_NO_PIC = NO;
				GCC_NO_COMMON_BLOCKS = YES;
				GCC_OPTIMIZATION_LEVEL = 0;
				GCC_PREPROCESSOR_DEFINITIONS = (
					"DEBUG=1",
					"$(inherited)",
				);
				GCC_WARN_64_TO_32_BIT_CONVERSION = YES;
				GCC_WARN_ABOUT_RETURN_TYPE = YES_ERROR;
				GCC_WARN_UNDECLARED_SELECTOR = YES;
				GCC_WARN_UNINITIALIZED_AUTOS = YES_AGGRESSIVE;
				GCC_WARN_UNUSED_FUNCTION = YES;
				GCC_WARN_UNUSED_VARIABLE = YES;
				IPHONEOS_DEPLOYMENT_TARGET = 10.3;
				MTL_ENABLE_DEBUG_INFO = YES;
				ONLY_ACTIVE_ARCH = YES;
				SDKROOT = iphoneos;
			};
			name = Debug;
		};
		9A3836E11EAE52E10064FC10 /* Release */ = {
			isa = XCBuildConfiguration;
			buildSettings = {
				ALWAYS_SEARCH_USER_PATHS = NO;
				CLANG_ANALYZER_NONNULL = YES;
				CLANG_ANALYZER_NUMBER_OBJECT_CONVERSION = YES_AGGRESSIVE;
				CLANG_CXX_LANGUAGE_STANDARD = "gnu++0x";
				CLANG_CXX_LIBRARY = "libc++";
				CLANG_ENABLE_MODULES = YES;
				CLANG_ENABLE_OBJC_ARC = YES;
				CLANG_WARN_BOOL_CONVERSION = YES;
				CLANG_WARN_CONSTANT_CONVERSION = YES;
				CLANG_WARN_DIRECT_OBJC_ISA_USAGE = YES_ERROR;
				CLANG_WARN_DOCUMENTATION_COMMENTS = YES;
				CLANG_WARN_EMPTY_BODY = YES;
				CLANG_WARN_ENUM_CONVERSION = YES;
				CLANG_WARN_INFINITE_RECURSION = YES;
				CLANG_WARN_INT_CONVERSION = YES;
				CLANG_WARN_OBJC_ROOT_CLASS = YES_ERROR;
				CLANG_WARN_SUSPICIOUS_MOVE = YES;
				CLANG_WARN_UNREACHABLE_CODE = YES;
				CLANG_WARN__DUPLICATE_METHOD_MATCH = YES;
				"CODE_SIGN_IDENTITY[sdk=iphoneos*]" = "iPhone Developer";
				COPY_PHASE_STRIP = NO;
				DEBUG_INFORMATION_FORMAT = "dwarf-with-dsym";
				ENABLE_NS_ASSERTIONS = NO;
				ENABLE_STRICT_OBJC_MSGSEND = YES;
				GCC_C_LANGUAGE_STANDARD = gnu99;
				GCC_NO_COMMON_BLOCKS = YES;
				GCC_WARN_64_TO_32_BIT_CONVERSION = YES;
				GCC_WARN_ABOUT_RETURN_TYPE = YES_ERROR;
				GCC_WARN_UNDECLARED_SELECTOR = YES;
				GCC_WARN_UNINITIALIZED_AUTOS = YES_AGGRESSIVE;
				GCC_WARN_UNUSED_FUNCTION = YES;
				GCC_WARN_UNUSED_VARIABLE = YES;
				IPHONEOS_DEPLOYMENT_TARGET = 10.3;
				MTL_ENABLE_DEBUG_INFO = NO;
				SDKROOT = iphoneos;
				VALIDATE_PRODUCT = YES;
			};
			name = Release;
		};
		9A3836E31EAE52E10064FC10 /* Debug */ = {
			isa = XCBuildConfiguration;
			buildSettings = {
				ASSETCATALOG_COMPILER_APPICON_NAME = AppIcon;
				INFOPLIST_FILE = SalidoCodeTest/Info.plist;
				LD_RUNPATH_SEARCH_PATHS = "$(inherited) @executable_path/Frameworks";
				PRODUCT_BUNDLE_IDENTIFIER = com.JulienBankier.SalidoCodeTest;
				PRODUCT_NAME = "$(TARGET_NAME)";
				TARGETED_DEVICE_FAMILY = 2;
			};
			name = Debug;
		};
		9A3836E41EAE52E10064FC10 /* Release */ = {
			isa = XCBuildConfiguration;
			buildSettings = {
				ASSETCATALOG_COMPILER_APPICON_NAME = AppIcon;
				INFOPLIST_FILE = SalidoCodeTest/Info.plist;
				LD_RUNPATH_SEARCH_PATHS = "$(inherited) @executable_path/Frameworks";
				PRODUCT_BUNDLE_IDENTIFIER = com.JulienBankier.SalidoCodeTest;
				PRODUCT_NAME = "$(TARGET_NAME)";
				TARGETED_DEVICE_FAMILY = 2;
			};
			name = Release;
		};
		9A3836E61EAE52E10064FC10 /* Debug */ = {
			isa = XCBuildConfiguration;
			buildSettings = {
				BUNDLE_LOADER = "$(TEST_HOST)";
				INFOPLIST_FILE = SalidoCodeTestTests/Info.plist;
				LD_RUNPATH_SEARCH_PATHS = "$(inherited) @executable_path/Frameworks @loader_path/Frameworks";
				PRODUCT_BUNDLE_IDENTIFIER = com.JulienBankier.SalidoCodeTestTests;
				PRODUCT_NAME = "$(TARGET_NAME)";
				TEST_HOST = "$(BUILT_PRODUCTS_DIR)/SalidoCodeTest.app/SalidoCodeTest";
			};
			name = Debug;
		};
		9A3836E71EAE52E10064FC10 /* Release */ = {
			isa = XCBuildConfiguration;
			buildSettings = {
				BUNDLE_LOADER = "$(TEST_HOST)";
				INFOPLIST_FILE = SalidoCodeTestTests/Info.plist;
				LD_RUNPATH_SEARCH_PATHS = "$(inherited) @executable_path/Frameworks @loader_path/Frameworks";
				PRODUCT_BUNDLE_IDENTIFIER = com.JulienBankier.SalidoCodeTestTests;
				PRODUCT_NAME = "$(TARGET_NAME)";
				TEST_HOST = "$(BUILT_PRODUCTS_DIR)/SalidoCodeTest.app/SalidoCodeTest";
			};
			name = Release;
		};
		9A3836E91EAE52E10064FC10 /* Debug */ = {
			isa = XCBuildConfiguration;
			buildSettings = {
				INFOPLIST_FILE = SalidoCodeTestUITests/Info.plist;
				LD_RUNPATH_SEARCH_PATHS = "$(inherited) @executable_path/Frameworks @loader_path/Frameworks";
				PRODUCT_BUNDLE_IDENTIFIER = com.JulienBankier.SalidoCodeTestUITests;
				PRODUCT_NAME = "$(TARGET_NAME)";
				TEST_TARGET_NAME = SalidoCodeTest;
			};
			name = Debug;
		};
		9A3836EA1EAE52E10064FC10 /* Release */ = {
			isa = XCBuildConfiguration;
			buildSettings = {
				INFOPLIST_FILE = SalidoCodeTestUITests/Info.plist;
				LD_RUNPATH_SEARCH_PATHS = "$(inherited) @executable_path/Frameworks @loader_path/Frameworks";
				PRODUCT_BUNDLE_IDENTIFIER = com.JulienBankier.SalidoCodeTestUITests;
				PRODUCT_NAME = "$(TARGET_NAME)";
				TEST_TARGET_NAME = SalidoCodeTest;
			};
			name = Release;
		};
/* End XCBuildConfiguration section */

/* Begin XCConfigurationList section */
		9A3836B01EAE52E10064FC10 /* Build configuration list for PBXProject "SalidoCodeTest" */ = {
			isa = XCConfigurationList;
			buildConfigurations = (
				9A3836E01EAE52E10064FC10 /* Debug */,
				9A3836E11EAE52E10064FC10 /* Release */,
			);
			defaultConfigurationIsVisible = 0;
			defaultConfigurationName = Release;
		};
		9A3836E21EAE52E10064FC10 /* Build configuration list for PBXNativeTarget "SalidoCodeTest" */ = {
			isa = XCConfigurationList;
			buildConfigurations = (
				9A3836E31EAE52E10064FC10 /* Debug */,
				9A3836E41EAE52E10064FC10 /* Release */,
			);
			defaultConfigurationIsVisible = 0;
			defaultConfigurationName = Release;
		};
		9A3836E51EAE52E10064FC10 /* Build configuration list for PBXNativeTarget "SalidoCodeTestTests" */ = {
			isa = XCConfigurationList;
			buildConfigurations = (
				9A3836E61EAE52E10064FC10 /* Debug */,
				9A3836E71EAE52E10064FC10 /* Release */,
			);
			defaultConfigurationIsVisible = 0;
			defaultConfigurationName = Release;
		};
		9A3836E81EAE52E10064FC10 /* Build configuration list for PBXNativeTarget "SalidoCodeTestUITests" */ = {
			isa = XCConfigurationList;
			buildConfigurations = (
				9A3836E91EAE52E10064FC10 /* Debug */,
				9A3836EA1EAE52E10064FC10 /* Release */,
			);
			defaultConfigurationIsVisible = 0;
			defaultConfigurationName = Release;
		};
/* End XCConfigurationList section */
	};
	rootObject = 9A3836AD1EAE52E10064FC10 /* Project object */;
}
